
Microsoft Visual Studio Solution File, Format Version 12.00
# Visual Studio Version 16
VisualStudioVersion = 16.0.31105.61
MinimumVisualStudioVersion = 10.0.40219.1
Project("{9A19103F-16F7-4668-BE54-9A1E7A4F7556}") = "VallyExpress.API", "VallyExperss.API\VallyExpress.API.csproj", "{16957960-5132-4EAA-9B7F-BF78C17D858D}"
EndProject
Project("{9A19103F-16F7-4668-BE54-9A1E7A4F7556}") = "VallyExpress", "VallyExpress\VallyExpress.csproj", "{0715E96B-2688-4198-8C55-7BD56584AD74}"
EndProject
Project("{9A19103F-16F7-4668-BE54-9A1E7A4F7556}") = "VallyExpress.Tests", "VallyExpress.Tests\VallyExpress.Tests.csproj", "{770655D8-DCDB-4168-9311-2E5B63EDF6A9}"
EndProject
Global
	GlobalSection(SolutionConfigurationPlatforms) = preSolution
		Debug|Any CPU = Debug|Any CPU
		Release|Any CPU = Release|Any CPU
	EndGlobalSection
	GlobalSection(ProjectConfigurationPlatforms) = postSolution
		{16957960-5132-4EAA-9B7F-BF78C17D858D}.Debug|Any CPU.ActiveCfg = Debug|Any CPU
		{16957960-5132-4EAA-9B7F-BF78C17D858D}.Debug|Any CPU.Build.0 = Debug|Any CPU
		{16957960-5132-4EAA-9B7F-BF78C17D858D}.Release|Any CPU.ActiveCfg = Release|Any CPU
		{16957960-5132-4EAA-9B7F-BF78C17D858D}.Release|Any CPU.Build.0 = Release|Any CPU
		{0715E96B-2688-4198-8C55-7BD56584AD74}.Debug|Any CPU.ActiveCfg = Debug|Any CPU
		{0715E96B-2688-4198-8C55-7BD56584AD74}.Debug|Any CPU.Build.0 = Debug|Any CPU
		{0715E96B-2688-4198-8C55-7BD56584AD74}.Release|Any CPU.ActiveCfg = Release|Any CPU
		{0715E96B-2688-4198-8C55-7BD56584AD74}.Release|Any CPU.Build.0 = Release|Any CPU
		{770655D8-DCDB-4168-9311-2E5B63EDF6A9}.Debug|Any CPU.ActiveCfg = Debug|Any CPU
		{770655D8-DCDB-4168-9311-2E5B63EDF6A9}.Debug|Any CPU.Build.0 = Debug|Any CPU
		{770655D8-DCDB-4168-9311-2E5B63EDF6A9}.Release|Any CPU.ActiveCfg = Release|Any CPU
		{770655D8-DCDB-4168-9311-2E5B63EDF6A9}.Release|Any CPU.Build.0 = Release|Any CPU
	EndGlobalSection
	GlobalSection(SolutionProperties) = preSolution
		HideSolutionNode = FALSE
	EndGlobalSection
	GlobalSection(ExtensibilityGlobals) = postSolution
		SolutionGuid = {4C8F6826-F9D0-4416-A3D3-0E195924D0BA}
	EndGlobalSection
EndGlobal
