
Microsoft Visual Studio Solution File, Format Version 12.00
# Visual Studio Version 16
VisualStudioVersion = 16.0.31105.61
MinimumVisualStudioVersion = 10.0.40219.1
Project("{9A19103F-16F7-4668-BE54-9A1E7A4F7556}") = "VallyExpress", "VallyExpress.csproj", "{611218B2-D5C7-458A-9081-D344C31A9295}"
EndProject
Project("{FAE04EC0-301F-11D3-BF4B-00C04F79EFBC}") = "VallyExpress.API", "..\VallyExperss.API\VallyExpress.API.csproj", "{314838EE-6CEC-4957-9CBA-4C827099A829}"
EndProject
Project("{FAE04EC0-301F-11D3-BF4B-00C04F79EFBC}") = "VallyExpress.Tests", "..\VallyExpress.Tests\VallyExpress.Tests.csproj", "{DE6DB0EB-3D19-43DA-966E-4BB78FF208FE}"
EndProject
Global
	GlobalSection(SolutionConfigurationPlatforms) = preSolution
		Debug|Any CPU = Debug|Any CPU
		Release|Any CPU = Release|Any CPU
	EndGlobalSection
	GlobalSection(ProjectConfigurationPlatforms) = postSolution
		{611218B2-D5C7-458A-9081-D344C31A9295}.Debug|Any CPU.ActiveCfg = Debug|Any CPU
		{611218B2-D5C7-458A-9081-D344C31A9295}.Debug|Any CPU.Build.0 = Debug|Any CPU
		{611218B2-D5C7-458A-9081-D344C31A9295}.Release|Any CPU.ActiveCfg = Release|Any CPU
		{611218B2-D5C7-458A-9081-D344C31A9295}.Release|Any CPU.Build.0 = Release|Any CPU
		{314838EE-6CEC-4957-9CBA-4C827099A829}.Debug|Any CPU.ActiveCfg = Debug|Any CPU
		{314838EE-6CEC-4957-9CBA-4C827099A829}.Debug|Any CPU.Build.0 = Debug|Any CPU
		{314838EE-6CEC-4957-9CBA-4C827099A829}.Release|Any CPU.ActiveCfg = Release|Any CPU
		{314838EE-6CEC-4957-9CBA-4C827099A829}.Release|Any CPU.Build.0 = Release|Any CPU
		{DE6DB0EB-3D19-43DA-966E-4BB78FF208FE}.Debug|Any CPU.ActiveCfg = Debug|Any CPU
		{DE6DB0EB-3D19-43DA-966E-4BB78FF208FE}.Debug|Any CPU.Build.0 = Debug|Any CPU
		{DE6DB0EB-3D19-43DA-966E-4BB78FF208FE}.Release|Any CPU.ActiveCfg = Release|Any CPU
		{DE6DB0EB-3D19-43DA-966E-4BB78FF208FE}.Release|Any CPU.Build.0 = Release|Any CPU
	EndGlobalSection
	GlobalSection(SolutionProperties) = preSolution
		HideSolutionNode = FALSE
	EndGlobalSection
	GlobalSection(ExtensibilityGlobals) = postSolution
		SolutionGuid = {7F0CC753-2707-408C-8F0A-6644071E5D45}
	EndGlobalSection
EndGlobal
